
Microsoft Visual Studio Solution File, Format Version 12.00
# Visual Studio 14
VisualStudioVersion = 14.0.25420.1
MinimumVisualStudioVersion = 10.0.40219.1
Project("{FAE04EC0-301F-11D3-BF4B-00C04F79EFBC}") = "WPF Lesson1", "WPF Lesson1\WPF Lesson1.csproj", "{ABA28FC7-54A0-49CA-82AA-A4A3306FB217}"
EndProject
Project("{FAE04EC0-301F-11D3-BF4B-00C04F79EFBC}") = "Model", "Model\Model.csproj", "{87A6CA25-FDBB-4BC0-989E-64FDEF4C3CA4}"
EndProject
Global
	GlobalSection(SolutionConfigurationPlatforms) = preSolution
		Debug|Any CPU = Debug|Any CPU
		Release|Any CPU = Release|Any CPU
	EndGlobalSection
	GlobalSection(ProjectConfigurationPlatforms) = postSolution
		{ABA28FC7-54A0-49CA-82AA-A4A3306FB217}.Debug|Any CPU.ActiveCfg = Debug|Any CPU
		{ABA28FC7-54A0-49CA-82AA-A4A3306FB217}.Debug|Any CPU.Build.0 = Debug|Any CPU
		{ABA28FC7-54A0-49CA-82AA-A4A3306FB217}.Release|Any CPU.ActiveCfg = Release|Any CPU
		{ABA28FC7-54A0-49CA-82AA-A4A3306FB217}.Release|Any CPU.Build.0 = Release|Any CPU
		{87A6CA25-FDBB-4BC0-989E-64FDEF4C3CA4}.Debug|Any CPU.ActiveCfg = Debug|Any CPU
		{87A6CA25-FDBB-4BC0-989E-64FDEF4C3CA4}.Debug|Any CPU.Build.0 = Debug|Any CPU
		{87A6CA25-FDBB-4BC0-989E-64FDEF4C3CA4}.Release|Any CPU.ActiveCfg = Release|Any CPU
		{87A6CA25-FDBB-4BC0-989E-64FDEF4C3CA4}.Release|Any CPU.Build.0 = Release|Any CPU
	EndGlobalSection
	GlobalSection(SolutionProperties) = preSolution
		HideSolutionNode = FALSE
	EndGlobalSection
EndGlobal
